Microsoft Visual Studio Solution File, Format Version 11.00
# Visual Studio 2008

Project("{0F9119DB-D916-BA42-331A-2134E7667071}") = "2djumpandrun", "Assembly-CSharp.csproj", "{6A80E462-602C-10D1-DB0A-4D09961C3EB1}"
EndProject
Global
	GlobalSection(SolutionConfigurationPlatforms) = preSolution
		Debug|Any CPU = Debug|Any CPU
		Release|Any CPU = Release|Any CPU
	EndGlobalSection
	GlobalSection(ProjectConfigurationPlatforms) = postSolution
		{6A80E462-602C-10D1-DB0A-4D09961C3EB1}.Debug|Any CPU.ActiveCfg = Debug|Any CPU
		{6A80E462-602C-10D1-DB0A-4D09961C3EB1}.Debug|Any CPU.Build.0 = Debug|Any CPU
		{6A80E462-602C-10D1-DB0A-4D09961C3EB1}.Release|Any CPU.ActiveCfg = Release|Any CPU
		{6A80E462-602C-10D1-DB0A-4D09961C3EB1}.Release|Any CPU.Build.0 = Release|Any CPU
	EndGlobalSection
	GlobalSection(SolutionProperties) = preSolution
		HideSolutionNode = FALSE
	EndGlobalSection
	GlobalSection(MonoDevelopProperties) = preSolution
		StartupItem = Assembly-CSharp.csproj
	EndGlobalSection
EndGlobal
